<Solution>
  <Configurations>
    <Platform Name="Any CPU" />
    <Platform Name="x64" />
    <Platform Name="x86" />
  </Configurations>
  <Folder Name="/solution-items/">
    <File Path=".gitignore" />
    <File Path="Directory.Build.props" />
    <File Path="global.json" />
    <File Path="install.bat" />
    <File Path="README.md" />
  </Folder>
  <Folder Name="/src/">
    <Folder Name="/src/Core/">
      <Project Path="src/Core/Fuse.Collection/Fuse.Collection.csproj" />
      <Project Path="src/Core/Fuse.Reduction/Fuse.Reduction.csproj" />
      <Project Path="src/Core/Fuse.Emission/Fuse.Emission.csproj" />
      <Project Path="src/Core/Fuse.Fusion/Fuse.Fusion.csproj" />
      <Project Path="src/Core/Fuse.Indexing/Fuse.Indexing.csproj" />
      <Project Path="src/Core/Fuse.Semantics/Fuse.Semantics.csproj" />
      <Project Path="src/Core/Fuse.Scoping/Fuse.Scoping.csproj" />
      <Project Path="src/Core/Fuse.Workspace/Fuse.Workspace.csproj" />
      <Project Path="src/Core/Fuse.Retrieval/Fuse.Retrieval.csproj" />
      <Project Path="src/Core/Fuse.Context/Fuse.Context.csproj" />
    </Folder>
    <Folder Name="/src/Host/">
      <Project Path="src/Host/Fuse.Cli/Fuse.Cli.csproj" />
      <Project Path="src/Host/Fuse.BuildCaptureWorker/Fuse.BuildCaptureWorker.csproj" />
    </Folder>
    <Folder Name="/src/Packaging/">
      <Project Path="src/Packaging/Fuse.Capture/Fuse.Capture.csproj" />
    </Folder>
    <Folder Name="/src/Plugins/">
      <Project Path="src/Plugins/Fuse.Plugins.Abstractions/Fuse.Plugins.Abstractions.csproj" />
      <Project Path="src/Plugins/Fuse.Plugins.Languages.CSharp/Fuse.Plugins.Languages.CSharp.csproj" />
      <Project Path="src/Plugins/Fuse.Plugins.Languages.CSharp.Roslyn/Fuse.Plugins.Languages.CSharp.Roslyn.csproj" />
      <Project Path="src/Plugins/Fuse.Plugins.Formats.Web/Fuse.Plugins.Formats.Web.csproj" />
    </Folder>
  </Folder>
  <Folder Name="/tests/">
    <Project Path="tests/Fuse.Cli.Tests/Fuse.Cli.Tests.csproj" />
    <Project Path="tests/Fuse.Collection.Tests/Fuse.Collection.Tests.csproj" />
    <Project Path="tests/Fuse.Emission.Tests/Fuse.Emission.Tests.csproj" />
    <Project Path="tests/Fuse.Plugins.Formats.Web.Tests/Fuse.Plugins.Formats.Web.Tests.csproj" />
    <Project Path="tests/Fuse.Fusion.Tests/Fuse.Fusion.Tests.csproj" />
    <Project Path="tests/Fuse.GoldenOutput.Tests/Fuse.GoldenOutput.Tests.csproj" />
    <Project Path="tests/Fuse.Plugins.Languages.CSharp.Tests/Fuse.Plugins.Languages.CSharp.Tests.csproj" />
    <Project Path="tests/Fuse.Plugins.Languages.CSharp.Roslyn.Tests/Fuse.Plugins.Languages.CSharp.Roslyn.Tests.csproj" />
    <Project Path="tests/Fuse.Reduction.Tests/Fuse.Reduction.Tests.csproj" />
    <Project Path="tests/Fuse.Indexing.Tests/Fuse.Indexing.Tests.csproj" />
    <Project Path="tests/Fuse.Semantics.Tests/Fuse.Semantics.Tests.csproj" />
    <Project Path="tests/Fuse.Retrieval.Tests/Fuse.Retrieval.Tests.csproj" />
    <Project Path="tests/Fuse.Context.Tests/Fuse.Context.Tests.csproj" />
    <Project Path="tests/Fuse.BuildCaptureWorker.Tests/Fuse.BuildCaptureWorker.Tests.csproj" />
    <Project Path="tests/Fuse.Workspace.Tests/Fuse.Workspace.Tests.csproj" />
  </Folder>
</Solution>
